PODS:
  - Alamofire (5.4.1)
  - ESPullToRefresh (2.9.3)
  - SVProgressHUD (2.2.5)

DEPENDENCIES:
  - Alamofire (= 5.4.1)
  - ESPullToRefresh
  - SVProgressHUD

SPEC REPOS:
  trunk:
    - Alamofire
    - ESPullToRefresh
    - SVProgressHUD

SPEC CHECKSUMS:
  Alamofire: 2291f7d21ca607c491dd17642e5d40fdcda0e65c
  ESPullToRefresh: 0d68daa602b343c81753a1b95e09fd0bfcddfd40
  SVProgressHUD: 1428aafac632c1f86f62aa4243ec12008d7a51d6

PODFILE CHECKSUM: 6d76bac635e32a80219b5d9590827ea900190965

COCOAPODS: 1.12.0
